{
    "name": "stunning-fiesta",
    "version": "1.0.0",
    "lockfileVersion": 3,
    "requires": true,
    "packages": {
        "": {
            "name": "stunning-fiesta",
            "version": "1.0.0",
            "license": "MIT",
            "dependencies": {
                "@freecodecamp/example": "1.2.13"
            }
        },
        "node_modules/@freecodecamp/example": {
            "version": "1.2.13",
            "resolved": "https://registry.npmjs.org/@freecodecamp/example/-/example-1.2.13.tgz",
            "integrity": "sha512-oyPYFfTlF2Ej8cIijT7FZAdsPBLa/HoFApOrfwloNyi+f6wiSiKdH+2A+ydtE9VaWDW9wiv+WGoNfjbxKmwtFw==",
            "license": "BSD-3-Clause"
        }
    }
}
